
Microsoft Visual Studio Solution File, Format Version 11.00
# Visual Studio 2010
Project("{FAE04EC0-301F-11D3-BF4B-00C04F79EFBC}") = "GitBan", "GitBan\GitBan.csproj", "{4704FDD0-5E1B-419D-A36C-FB5440B3C3F1}"
EndProject
Project("{2150E333-8FDC-42A3-9474-1A3956D46DE8}") = ".nuget", ".nuget", "{0153DA40-F1F9-4A74-8A8A-1791D102A371}"
	ProjectSection(SolutionItems) = preProject
		.nuget\NuGet.Config = .nuget\NuGet.Config
		.nuget\NuGet.exe = .nuget\NuGet.exe
		.nuget\NuGet.targets = .nuget\NuGet.targets
	EndProjectSection
EndProject
Global
	GlobalSection(SolutionConfigurationPlatforms) = preSolution
		Debug|Any CPU = Debug|Any CPU
		Release|Any CPU = Release|Any CPU
	EndGlobalSection
	GlobalSection(ProjectConfigurationPlatforms) = postSolution
		{4704FDD0-5E1B-419D-A36C-FB5440B3C3F1}.Debug|Any CPU.ActiveCfg = Debug|Any CPU
		{4704FDD0-5E1B-419D-A36C-FB5440B3C3F1}.Debug|Any CPU.Build.0 = Debug|Any CPU
		{4704FDD0-5E1B-419D-A36C-FB5440B3C3F1}.Release|Any CPU.ActiveCfg = Release|Any CPU
		{4704FDD0-5E1B-419D-A36C-FB5440B3C3F1}.Release|Any CPU.Build.0 = Release|Any CPU
	EndGlobalSection
	GlobalSection(SolutionProperties) = preSolution
		HideSolutionNode = FALSE
	EndGlobalSection
EndGlobal
